
Microsoft Visual Studio Solution File, Format Version 12.00
# Visual Studio Version 16
VisualStudioVersion = 16.0.31019.35
MinimumVisualStudioVersion = 10.0.40219.1
Project("{9A19103F-16F7-4668-BE54-9A1E7A4F7556}") = "SSU.Intrepretator.LexicalAnalyzer", "SSU.Intrepretator.LexicalAnalyzer\SSU.Intrepretator.LexicalAnalyzer.csproj", "{BBB47F3B-64B8-4F26-881F-176AA3FE5C06}"
EndProject
Project("{9A19103F-16F7-4668-BE54-9A1E7A4F7556}") = "SSU.Intrepretator.ConsoleApp", "SSU.Intrepretator.ConsoleApp\SSU.Intrepretator.ConsoleApp.csproj", "{01E219AD-09B5-466C-BA5D-C1296FCC8711}"
EndProject
Project("{9A19103F-16F7-4668-BE54-9A1E7A4F7556}") = "SSU.Intrepretator.SyntaxAnalyzer", "SSU.Intrepretator.SyntaxAnalyzer\SSU.Intrepretator.SyntaxAnalyzer.csproj", "{19DDFD1C-674C-4802-9480-1B00E432BFE2}"
EndProject
Project("{FAE04EC0-301F-11D3-BF4B-00C04F79EFBC}") = "SSU.Intrepretator.IntrepretatorWorker", "SSU.Intrepretator.IntrepretatorWorker\SSU.Intrepretator.IntrepretatorWorker.csproj", "{205EFEB5-1305-4576-BA43-45A5BF4B5C41}"
EndProject
Global
	GlobalSection(SolutionConfigurationPlatforms) = preSolution
		Debug|Any CPU = Debug|Any CPU
		Release|Any CPU = Release|Any CPU
	EndGlobalSection
	GlobalSection(ProjectConfigurationPlatforms) = postSolution
		{BBB47F3B-64B8-4F26-881F-176AA3FE5C06}.Debug|Any CPU.ActiveCfg = Debug|Any CPU
		{BBB47F3B-64B8-4F26-881F-176AA3FE5C06}.Debug|Any CPU.Build.0 = Debug|Any CPU
		{BBB47F3B-64B8-4F26-881F-176AA3FE5C06}.Release|Any CPU.ActiveCfg = Release|Any CPU
		{BBB47F3B-64B8-4F26-881F-176AA3FE5C06}.Release|Any CPU.Build.0 = Release|Any CPU
		{01E219AD-09B5-466C-BA5D-C1296FCC8711}.Debug|Any CPU.ActiveCfg = Debug|Any CPU
		{01E219AD-09B5-466C-BA5D-C1296FCC8711}.Debug|Any CPU.Build.0 = Debug|Any CPU
		{01E219AD-09B5-466C-BA5D-C1296FCC8711}.Release|Any CPU.ActiveCfg = Release|Any CPU
		{01E219AD-09B5-466C-BA5D-C1296FCC8711}.Release|Any CPU.Build.0 = Release|Any CPU
		{19DDFD1C-674C-4802-9480-1B00E432BFE2}.Debug|Any CPU.ActiveCfg = Debug|Any CPU
		{19DDFD1C-674C-4802-9480-1B00E432BFE2}.Debug|Any CPU.Build.0 = Debug|Any CPU
		{19DDFD1C-674C-4802-9480-1B00E432BFE2}.Release|Any CPU.ActiveCfg = Release|Any CPU
		{19DDFD1C-674C-4802-9480-1B00E432BFE2}.Release|Any CPU.Build.0 = Release|Any CPU
		{205EFEB5-1305-4576-BA43-45A5BF4B5C41}.Debug|Any CPU.ActiveCfg = Debug|Any CPU
		{205EFEB5-1305-4576-BA43-45A5BF4B5C41}.Debug|Any CPU.Build.0 = Debug|Any CPU
		{205EFEB5-1305-4576-BA43-45A5BF4B5C41}.Release|Any CPU.ActiveCfg = Release|Any CPU
		{205EFEB5-1305-4576-BA43-45A5BF4B5C41}.Release|Any CPU.Build.0 = Release|Any CPU
	EndGlobalSection
	GlobalSection(SolutionProperties) = preSolution
		HideSolutionNode = FALSE
	EndGlobalSection
	GlobalSection(ExtensibilityGlobals) = postSolution
		SolutionGuid = {241FFADC-F9F1-43E7-9CAB-78FFC96EA4E6}
	EndGlobalSection
EndGlobal
