
Microsoft Visual Studio Solution File, Format Version 12.00
# Visual Studio Version 16
VisualStudioVersion = 16.0.31019.35
MinimumVisualStudioVersion = 10.0.40219.1
Project("{FAE04EC0-301F-11D3-BF4B-00C04F79EFBC}") = "SSU.Intrepretator.LexicalAnalyzer", "SSU.Intrepretator.LexicalAnalyzer\SSU.Intrepretator.LexicalAnalyzer.csproj", "{BBB47F3B-64B8-4F26-881F-176AA3FE5C06}"
EndProject
Global
	GlobalSection(SolutionConfigurationPlatforms) = preSolution
		Debug|Any CPU = Debug|Any CPU
		Release|Any CPU = Release|Any CPU
	EndGlobalSection
	GlobalSection(ProjectConfigurationPlatforms) = postSolution
		{BBB47F3B-64B8-4F26-881F-176AA3FE5C06}.Debug|Any CPU.ActiveCfg = Debug|Any CPU
		{BBB47F3B-64B8-4F26-881F-176AA3FE5C06}.Debug|Any CPU.Build.0 = Debug|Any CPU
		{BBB47F3B-64B8-4F26-881F-176AA3FE5C06}.Release|Any CPU.ActiveCfg = Release|Any CPU
		{BBB47F3B-64B8-4F26-881F-176AA3FE5C06}.Release|Any CPU.Build.0 = Release|Any CPU
	EndGlobalSection
	GlobalSection(SolutionProperties) = preSolution
		HideSolutionNode = FALSE
	EndGlobalSection
	GlobalSection(ExtensibilityGlobals) = postSolution
		SolutionGuid = {241FFADC-F9F1-43E7-9CAB-78FFC96EA4E6}
	EndGlobalSection
EndGlobal
